<?xml version="1.0" encoding="utf-8"?>
<Project ToolsVersion="4.0" xmlns="http://schemas.microsoft.com/developer/msbuild/2003">
  <ItemGroup>
    <ClCompile Include="Regression-tests.cpp" />
    <ClCompile Include="Tests.cpp" />
  </ItemGroup>
  <ItemGroup>
    <ClInclude Include="Regression-tests.h" />
  </ItemGroup>
  <ItemGroup>
    <None Include="regression-config.json" />
  </ItemGroup>
  <ItemGroup>
    <Filter Include="Resources">
      <UniqueIdentifier>{22000a45-e2c1-42b0-82b3-6f9f7e77af1a}</UniqueIdentifier>
    </Filter>
  </ItemGroup>
</Project>