
Microsoft Visual Studio Solution File, Format Version 9.00
# Visual Studio 2005
Project("{8BC9CEB8-8B4A-11D0-8D11-00A0C91BC942}") = "Renderer2005", "Renderer2005.vcproj", "{A62DB7C1-1FA2-4253-994B-251451D79CE7}"
EndProject
Global
	GlobalSection(SolutionConfigurationPlatforms) = preSolution
		Debug|Win32 = Debug|Win32
		Release|Win32 = Release|Win32
	EndGlobalSection
	GlobalSection(ProjectConfigurationPlatforms) = postSolution
		{A62DB7C1-1FA2-4253-994B-251451D79CE7}.Debug|Win32.ActiveCfg = Debug|Win32
		{A62DB7C1-1FA2-4253-994B-251451D79CE7}.Debug|Win32.Build.0 = Debug|Win32
		{A62DB7C1-1FA2-4253-994B-251451D79CE7}.Release|Win32.ActiveCfg = Release|Win32
		{A62DB7C1-1FA2-4253-994B-251451D79CE7}.Release|Win32.Build.0 = Release|Win32
	EndGlobalSection
	GlobalSection(SolutionProperties) = preSolution
		HideSolutionNode = FALSE
	EndGlobalSection
EndGlobal
