<?xml version="1.0" encoding="utf-8"?>
<Project ToolsVersion="4.0" xmlns="http://schemas.microsoft.com/developer/msbuild/2003">
  <ItemGroup>
    <Filter Include="Header Files">
      <UniqueIdentifier>{3e7ebc0e-898e-4f92-84b1-9cfff6b33fc4}</UniqueIdentifier>
    </Filter>
    <Filter Include="Header Files\portability">
      <UniqueIdentifier>{ae32ef89-b121-4cb6-96b1-bde323cb0339}</UniqueIdentifier>
    </Filter>
    <Filter Include="Header Files\engine">
      <UniqueIdentifier>{4a053405-1f98-45f6-bd42-7c2bc5eb1404}</UniqueIdentifier>
    </Filter>
    <Filter Include="Header Files\editor">
      <UniqueIdentifier>{236d8348-b674-46ad-8aaa-41430ef65ab6}</UniqueIdentifier>
    </Filter>
    <Filter Include="Header Files\utilities">
      <UniqueIdentifier>{eb799540-5def-4d52-8720-18a74702a2f1}</UniqueIdentifier>
    </Filter>
    <Filter Include="Resource Files">
      <UniqueIdentifier>{60a7da50-a12d-45a8-9d96-c5e664ef6c6c}</UniqueIdentifier>
    </Filter>
    <Filter Include="Source Files">
      <UniqueIdentifier>{414be5ad-df13-4d3b-a70d-a37ed48be249}</UniqueIdentifier>
    </Filter>
    <Filter Include="Source Files\engine">
      <UniqueIdentifier>{cc96e242-e294-4070-bb4e-b9140825ce78}</UniqueIdentifier>
    </Filter>
    <Filter Include="Source Files\sdl">
      <UniqueIdentifier>{151c28a7-56f9-4749-b4db-4303f9149745}</UniqueIdentifier>
    </Filter>
    <Filter Include="Source Files\portability">
      <UniqueIdentifier>{a54782fc-b621-4db3-b699-243565f5dbda}</UniqueIdentifier>
    </Filter>
    <Filter Include="Source Files\libs">
      <UniqueIdentifier>{2e940dea-67f4-4a19-93e5-d1428723b116}</UniqueIdentifier>
    </Filter>
    <Filter Include="Source Files\libs\libADL">
      <UniqueIdentifier>{3b9f4c23-7f30-4d3a-b9c8-85952b887392}</UniqueIdentifier>
    </Filter>
    <Filter Include="Source Files\libs\libOPL">
      <UniqueIdentifier>{0badb132-eb57-4995-a794-ea23b490bedf}</UniqueIdentifier>
    </Filter>
    <Filter Include="Source Files\libs\sdl-mixer-x">
      <UniqueIdentifier>{f48a658c-356c-491e-83ec-6b35cb84afc4}</UniqueIdentifier>
    </Filter>
    <Filter Include="Source Files\libs\inih">
      <UniqueIdentifier>{371b2a9c-f025-49c3-afc2-0741e1d27dbf}</UniqueIdentifier>
    </Filter>
    <Filter Include="Source Files\libs\libpng">
      <UniqueIdentifier>{6760b4db-380c-4ee2-b84b-3b3b91727d2c}</UniqueIdentifier>
    </Filter>
    <Filter Include="Source Files\libs\kiss-sdl">
      <UniqueIdentifier>{eb266fcd-86b4-40c6-94d7-9828010d54f7}</UniqueIdentifier>
    </Filter>
    <Filter Include="Source Files\libs\sdl-image">
      <UniqueIdentifier>{4389f7f7-9b50-4bba-9de8-1dbca18649ab}</UniqueIdentifier>
    </Filter>
    <Filter Include="Source Files\libs\sdl-ttf">
      <UniqueIdentifier>{50dad56f-e7e8-4bb3-bbac-52365ffba11b}</UniqueIdentifier>
    </Filter>
    <Filter Include="Source Files\libs\openAL">
      <UniqueIdentifier>{bc113f3c-9525-43df-b325-5a3d47d21da1}</UniqueIdentifier>
    </Filter>
    <Filter Include="Source Files\editor">
      <UniqueIdentifier>{013be89c-5aee-4a95-8d00-53deac14b27c}</UniqueIdentifier>
    </Filter>
    <Filter Include="Source Files\utilities">
      <UniqueIdentifier>{7249ba94-7699-467e-bd2b-0f92f52e7ade}</UniqueIdentifier>
    </Filter>
  </ItemGroup>
  <ItemGroup>
    <ClInclude Include="..\remc2\engine\defs.h">
      <Filter>Header Files</Filter>
    </ClInclude>
    <ClInclude Include="..\remc2\stdafx.h">
      <Filter>Header Files</Filter>
    </ClInclude>
    <ClInclude Include="..\remc2\sub_main.h">
      <Filter>Header Files</Filter>
    </ClInclude>
    <ClInclude Include="..\remc2\targetver.h">
      <Filter>Header Files</Filter>
    </ClInclude>
    <ClInclude Include="..\remc2\portability\fcaseopen.h">
      <Filter>Header Files\portability</Filter>
    </ClInclude>
    <ClInclude Include="..\remc2\portability\port_net.h">
      <Filter>Header Files\portability</Filter>
    </ClInclude>
    <ClInclude Include="..\remc2\portability\dirent-x.h">
      <Filter>Header Files\portability</Filter>
    </ClInclude>
    <ClInclude Include="..\remc2\portability\mctypes.h">
      <Filter>Header Files\portability</Filter>
    </ClInclude>
    <ClInclude Include="..\remc2\portability\port_filesystem.h">
      <Filter>Header Files\portability</Filter>
    </ClInclude>
    <ClInclude Include="..\remc2\portability\port_inputs.h">
      <Filter>Header Files\portability</Filter>
    </ClInclude>
    <ClInclude Include="..\remc2\portability\port_outputs.h">
      <Filter>Header Files\portability</Filter>
    </ClInclude>
    <ClInclude Include="..\remc2\portability\port_sdl_sound.h">
      <Filter>Header Files\portability</Filter>
    </ClInclude>
    <ClInclude Include="..\remc2\portability\port_sdl_vga_mouse.h">
      <Filter>Header Files\portability</Filter>
    </ClInclude>
    <ClInclude Include="..\remc2\portability\port_time.h">
      <Filter>Header Files\portability</Filter>
    </ClInclude>
    <ClInclude Include="..\remc2\portability\xmi2mid.h">
      <Filter>Header Files\portability</Filter>
    </ClInclude>
    <ClInclude Include="..\remc2\engine\Animation.h">
      <Filter>Header Files\engine</Filter>
    </ClInclude>
    <ClInclude Include="..\remc2\engine\Basic.h">
      <Filter>Header Files\engine</Filter>
    </ClInclude>
    <ClInclude Include="..\remc2\engine\CommandLineParser.h">
      <Filter>Header Files\engine</Filter>
    </ClInclude>
    <ClInclude Include="..\remc2\engine\GameRenderInterface.h">
      <Filter>Header Files\engine</Filter>
    </ClInclude>
    <ClInclude Include="..\remc2\engine\GameRenderGL.h">
      <Filter>Header Files\engine</Filter>
    </ClInclude>
    <ClInclude Include="..\remc2\engine\GameRenderHD.h">
      <Filter>Header Files\engine</Filter>
    </ClInclude>
    <ClInclude Include="..\remc2\engine\globals.h">
      <Filter>Header Files\engine</Filter>
    </ClInclude>
    <ClInclude Include="..\remc2\engine\global_types.h">
      <Filter>Header Files\engine</Filter>
    </ClInclude>
    <ClInclude Include="..\remc2\engine\MenusAndIntros.h">
      <Filter>Header Files\engine</Filter>
    </ClInclude>
    <ClInclude Include="..\remc2\engine\GameRenderOriginal.h">
      <Filter>Header Files\engine</Filter>
    </ClInclude>
    <ClInclude Include="..\remc2\engine\Network.h">
      <Filter>Header Files\engine</Filter>
    </ClInclude>
    <ClInclude Include="..\remc2\engine\ProjectionPolygon.h">
      <Filter>Header Files\engine</Filter>
    </ClInclude>
    <ClInclude Include="..\remc2\engine\TypeConfigDat.h">
      <Filter>Header Files\engine</Filter>
    </ClInclude>
    <ClInclude Include="..\remc2\engine\Rectangle.h">
      <Filter>Header Files\engine</Filter>
    </ClInclude>
    <ClInclude Include="..\remc2\engine\Type_BigSpritesBuffer.h">
      <Filter>Header Files\engine</Filter>
    </ClInclude>
    <ClInclude Include="..\remc2\engine\Sound.h">
      <Filter>Header Files\engine</Filter>
    </ClInclude>
    <ClInclude Include="..\remc2\engine\Terrain.h">
      <Filter>Header Files\engine</Filter>
    </ClInclude>
    <ClInclude Include="..\remc2\engine\TextureMaps.h">
      <Filter>Header Files\engine</Filter>
    </ClInclude>
    <ClInclude Include="..\remc2\engine\Type_Animations.h">
      <Filter>Header Files\engine</Filter>
    </ClInclude>
    <ClInclude Include="..\remc2\engine\Type_D404C.h">
      <Filter>Header Files\engine</Filter>
    </ClInclude>
    <ClInclude Include="..\remc2\engine\Type_D93C0_Bldgprmbuffer.h">
      <Filter>Header Files\engine</Filter>
    </ClInclude>
    <ClInclude Include="..\remc2\engine\Type_D94F0_Bldgprmbuffer.h">
      <Filter>Header Files\engine</Filter>
    </ClInclude>
    <ClInclude Include="..\remc2\engine\Type_E9C38_Smalltit.h">
      <Filter>Header Files\engine</Filter>
    </ClInclude>
    <ClInclude Include="..\remc2\engine\Type_F2C20ar.h">
      <Filter>Header Files\engine</Filter>
    </ClInclude>
    <ClInclude Include="..\remc2\engine\Type_MapScreenPortals_E17CC.h">
      <Filter>Header Files\engine</Filter>
    </ClInclude>
    <ClInclude Include="..\remc2\engine\Type_SecretMapScreenPortals_E2970.h">
      <Filter>Header Files\engine</Filter>
    </ClInclude>
    <ClInclude Include="..\remc2\engine\Type_Unk_F0E20x.h">
      <Filter>Header Files\engine</Filter>
    </ClInclude>
    <ClInclude Include="..\remc2\engine\Type_WORD_D951C.h">
      <Filter>Header Files\engine</Filter>
    </ClInclude>
    <ClInclude Include="..\remc2\engine\ViewPort.h">
      <Filter>Header Files\engine</Filter>
    </ClInclude>
    <ClInclude Include="..\remc2\engine\XUnk_D4350.h">
      <Filter>Header Files\engine</Filter>
    </ClInclude>
    <ClInclude Include="..\remc2\engine\RenderThread.h">
      <Filter>Header Files\engine</Filter>
    </ClInclude>
    <ClInclude Include="..\remc2\engine\ail_sound.h">
      <Filter>Header Files\engine</Filter>
    </ClInclude>
    <ClInclude Include="..\remc2\engine\engine_support.h">
      <Filter>Header Files\engine</Filter>
    </ClInclude>
    <ClInclude Include="..\remc2\engine\engine_support_converts.h">
      <Filter>Header Files\engine</Filter>
    </ClInclude>
    <ClInclude Include="..\remc2\engine\read_config.h">
      <Filter>Header Files\engine</Filter>
    </ClInclude>
    <ClInclude Include="..\remc2\engine\sub_main_mouse.h">
      <Filter>Header Files\engine</Filter>
    </ClInclude>
    <ClInclude Include="..\remc2\editor\editor.h">
      <Filter>Header Files\editor</Filter>
    </ClInclude>
    <ClInclude Include="..\remc2\utilities\BitmapIO.h">
      <Filter>Header Files\utilities</Filter>
    </ClInclude>
    <ClInclude Include="..\remc2\utilities\DataFileIO.h">
      <Filter>Header Files\utilities</Filter>
    </ClInclude>
    <ClInclude Include="..\remc2\utilities\Maths.h">
      <Filter>Header Files\utilities</Filter>
    </ClInclude>
    <ClInclude Include="..\remc2\utilities\SafeQueue.h">
      <Filter>Header Files\utilities</Filter>
    </ClInclude>
    <ClInclude Include="..\remc2\utilities\Wave.h">
      <Filter>Header Files\utilities</Filter>
    </ClInclude>
    <ClInclude Include="..\libADLMIDI-master\src\adldata.hh">
      <Filter>Source Files\libs\libADL</Filter>
    </ClInclude>
    <ClInclude Include="..\libADLMIDI-master\src\adlmidi_bankmap.h">
      <Filter>Source Files\libs\libADL</Filter>
    </ClInclude>
    <ClInclude Include="..\libADLMIDI-master\src\adlmidi_cvt.hpp">
      <Filter>Source Files\libs\libADL</Filter>
    </ClInclude>
    <ClInclude Include="..\libADLMIDI-master\src\adlmidi_midiplay.hpp">
      <Filter>Source Files\libs\libADL</Filter>
    </ClInclude>
    <ClInclude Include="..\libADLMIDI-master\src\adlmidi_opl3.hpp">
      <Filter>Source Files\libs\libADL</Filter>
    </ClInclude>
    <ClInclude Include="..\libADLMIDI-master\src\adlmidi_private.hpp">
      <Filter>Source Files\libs\libADL</Filter>
    </ClInclude>
    <ClInclude Include="..\libADLMIDI-master\src\adlmidi_ptr.hpp">
      <Filter>Source Files\libs\libADL</Filter>
    </ClInclude>
    <ClInclude Include="..\libADLMIDI-master\src\chips\dosbox\dbopl.h">
      <Filter>Source Files\libs\libADL</Filter>
    </ClInclude>
    <ClInclude Include="..\libADLMIDI-master\src\chips\dosbox_opl3.h">
      <Filter>Source Files\libs\libADL</Filter>
    </ClInclude>
    <ClInclude Include="..\libADLMIDI-master\src\chips\nuked\nukedopl3.h">
      <Filter>Source Files\libs\libADL</Filter>
    </ClInclude>
    <ClInclude Include="..\libADLMIDI-master\src\chips\nuked\nukedopl3_174.h">
      <Filter>Source Files\libs\libADL</Filter>
    </ClInclude>
    <ClInclude Include="..\libADLMIDI-master\src\chips\nuked_opl3.h">
      <Filter>Source Files\libs\libADL</Filter>
    </ClInclude>
    <ClInclude Include="..\libADLMIDI-master\src\chips\nuked_opl3_v174.h">
      <Filter>Source Files\libs\libADL</Filter>
    </ClInclude>
    <ClInclude Include="..\libADLMIDI-master\src\chips\opl_chip_base.h">
      <Filter>Source Files\libs\libADL</Filter>
    </ClInclude>
    <ClInclude Include="..\libADLMIDI-master\src\cvt_mus2mid.hpp">
      <Filter>Source Files\libs\libADL</Filter>
    </ClInclude>
    <ClInclude Include="..\libADLMIDI-master\src\cvt_xmi2mid.hpp">
      <Filter>Source Files\libs\libADL</Filter>
    </ClInclude>
    <ClInclude Include="..\libADLMIDI-master\src\file_reader.hpp">
      <Filter>Source Files\libs\libADL</Filter>
    </ClInclude>
    <ClInclude Include="..\libADLMIDI-master\src\fraction.hpp">
      <Filter>Source Files\libs\libADL</Filter>
    </ClInclude>
    <ClInclude Include="..\libADLMIDI-master\src\midi_sequencer.h">
      <Filter>Source Files\libs\libADL</Filter>
    </ClInclude>
    <ClInclude Include="..\libADLMIDI-master\src\midi_sequencer.hpp">
      <Filter>Source Files\libs\libADL</Filter>
    </ClInclude>
    <ClInclude Include="..\libADLMIDI-master\src\midi_sequencer_impl.hpp">
      <Filter>Source Files\libs\libADL</Filter>
    </ClInclude>
    <ClInclude Include="..\libADLMIDI-master\src\wopl\wopl_file.h">
      <Filter>Source Files\libs\libADL</Filter>
    </ClInclude>
    <ClInclude Include="..\libOPNMIDI-master\src\chips\gens\Ym2612_Emu.h">
      <Filter>Source Files\libs\libOPL</Filter>
    </ClInclude>
    <ClInclude Include="..\libOPNMIDI-master\src\chips\gens_opn2.h">
      <Filter>Source Files\libs\libOPL</Filter>
    </ClInclude>
    <ClInclude Include="..\libOPNMIDI-master\src\chips\gx\gx_ym2612.h">
      <Filter>Source Files\libs\libOPL</Filter>
    </ClInclude>
    <ClInclude Include="..\libOPNMIDI-master\src\chips\gx_opn2.h">
      <Filter>Source Files\libs\libOPL</Filter>
    </ClInclude>
    <ClInclude Include="..\libOPNMIDI-master\src\chips\mame\mamedef.h">
      <Filter>Source Files\libs\libOPL</Filter>
    </ClInclude>
    <ClInclude Include="..\libOPNMIDI-master\src\chips\mame\mame_ym2612fm.h">
      <Filter>Source Files\libs\libOPL</Filter>
    </ClInclude>
    <ClInclude Include="..\libOPNMIDI-master\src\chips\mame_opn2.h">
      <Filter>Source Files\libs\libOPL</Filter>
    </ClInclude>
    <ClInclude Include="..\libOPNMIDI-master\src\chips\nuked\ym3438.h">
      <Filter>Source Files\libs\libOPL</Filter>
    </ClInclude>
    <ClInclude Include="..\libOPNMIDI-master\src\chips\nuked_opn2.h">
      <Filter>Source Files\libs\libOPL</Filter>
    </ClInclude>
    <ClInclude Include="..\libOPNMIDI-master\src\chips\opn_chip_base.h">
      <Filter>Source Files\libs\libOPL</Filter>
    </ClInclude>
    <ClInclude Include="..\libOPNMIDI-master\src\cvt_mus2mid.hpp">
      <Filter>Source Files\libs\libOPL</Filter>
    </ClInclude>
    <ClInclude Include="..\libOPNMIDI-master\src\cvt_xmi2mid.hpp">
      <Filter>Source Files\libs\libOPL</Filter>
    </ClInclude>
    <ClInclude Include="..\libOPNMIDI-master\src\file_reader.hpp">
      <Filter>Source Files\libs\libOPL</Filter>
    </ClInclude>
    <ClInclude Include="..\libOPNMIDI-master\src\fraction.hpp">
      <Filter>Source Files\libs\libOPL</Filter>
    </ClInclude>
    <ClInclude Include="..\libOPNMIDI-master\src\midi_sequencer.h">
      <Filter>Source Files\libs\libOPL</Filter>
    </ClInclude>
    <ClInclude Include="..\libOPNMIDI-master\src\midi_sequencer.hpp">
      <Filter>Source Files\libs\libOPL</Filter>
    </ClInclude>
    <ClInclude Include="..\libOPNMIDI-master\src\midi_sequencer_impl.hpp">
      <Filter>Source Files\libs\libOPL</Filter>
    </ClInclude>
    <ClInclude Include="..\libOPNMIDI-master\src\opnbank.h">
      <Filter>Source Files\libs\libOPL</Filter>
    </ClInclude>
    <ClInclude Include="..\libOPNMIDI-master\src\opnmidi_bankmap.h">
      <Filter>Source Files\libs\libOPL</Filter>
    </ClInclude>
    <ClInclude Include="..\libOPNMIDI-master\src\opnmidi_cvt.hpp">
      <Filter>Source Files\libs\libOPL</Filter>
    </ClInclude>
    <ClInclude Include="..\libOPNMIDI-master\src\opnmidi_midiplay.hpp">
      <Filter>Source Files\libs\libOPL</Filter>
    </ClInclude>
    <ClInclude Include="..\libOPNMIDI-master\src\opnmidi_opn2.hpp">
      <Filter>Source Files\libs\libOPL</Filter>
    </ClInclude>
    <ClInclude Include="..\libOPNMIDI-master\src\opnmidi_private.hpp">
      <Filter>Source Files\libs\libOPL</Filter>
    </ClInclude>
    <ClInclude Include="..\libOPNMIDI-master\src\opnmidi_ptr.hpp">
      <Filter>Source Files\libs\libOPL</Filter>
    </ClInclude>
    <ClInclude Include="..\libOPNMIDI-master\src\wopn\wopn_file.h">
      <Filter>Source Files\libs\libOPL</Filter>
    </ClInclude>
    <ClInclude Include="..\SDL-Mixer-X-master\include\SDL_mixer_ext\SDL_mixer_ext.h">
      <Filter>Source Files\libs\sdl-mixer-x</Filter>
    </ClInclude>
    <ClInclude Include="..\SDL-Mixer-X-master\src\codecs\load_aiff.h">
      <Filter>Source Files\libs\sdl-mixer-x</Filter>
    </ClInclude>
    <ClInclude Include="..\SDL-Mixer-X-master\src\codecs\load_voc.h">
      <Filter>Source Files\libs\sdl-mixer-x</Filter>
    </ClInclude>
    <ClInclude Include="..\SDL-Mixer-X-master\src\codecs\music_cmd.h">
      <Filter>Source Files\libs\sdl-mixer-x</Filter>
    </ClInclude>
    <ClInclude Include="..\SDL-Mixer-X-master\src\codecs\music_flac.h">
      <Filter>Source Files\libs\sdl-mixer-x</Filter>
    </ClInclude>
    <ClInclude Include="..\SDL-Mixer-X-master\src\codecs\music_fluidsynth.h">
      <Filter>Source Files\libs\sdl-mixer-x</Filter>
    </ClInclude>
    <ClInclude Include="..\SDL-Mixer-X-master\src\codecs\music_gme.h">
      <Filter>Source Files\libs\sdl-mixer-x</Filter>
    </ClInclude>
    <ClInclude Include="..\SDL-Mixer-X-master\src\codecs\music_id3tag.h">
      <Filter>Source Files\libs\sdl-mixer-x</Filter>
    </ClInclude>
    <ClInclude Include="..\SDL-Mixer-X-master\src\codecs\music_mad.h">
      <Filter>Source Files\libs\sdl-mixer-x</Filter>
    </ClInclude>
    <ClInclude Include="..\SDL-Mixer-X-master\src\codecs\music_mikmod.h">
      <Filter>Source Files\libs\sdl-mixer-x</Filter>
    </ClInclude>
    <ClInclude Include="..\SDL-Mixer-X-master\src\codecs\music_modplug.h">
      <Filter>Source Files\libs\sdl-mixer-x</Filter>
    </ClInclude>
    <ClInclude Include="..\SDL-Mixer-X-master\src\codecs\music_mpg123.h">
      <Filter>Source Files\libs\sdl-mixer-x</Filter>
    </ClInclude>
    <ClInclude Include="..\SDL-Mixer-X-master\src\codecs\music_nativemidi.h">
      <Filter>Source Files\libs\sdl-mixer-x</Filter>
    </ClInclude>
    <ClInclude Include="..\SDL-Mixer-X-master\src\codecs\music_ogg.h">
      <Filter>Source Files\libs\sdl-mixer-x</Filter>
    </ClInclude>
    <ClInclude Include="..\SDL-Mixer-X-master\src\codecs\music_opus.h">
      <Filter>Source Files\libs\sdl-mixer-x</Filter>
    </ClInclude>
    <ClInclude Include="..\SDL-Mixer-X-master\src\codecs\music_smpeg.h">
      <Filter>Source Files\libs\sdl-mixer-x</Filter>
    </ClInclude>
    <ClInclude Include="..\SDL-Mixer-X-master\src\codecs\music_timidity.h">
      <Filter>Source Files\libs\sdl-mixer-x</Filter>
    </ClInclude>
    <ClInclude Include="..\SDL-Mixer-X-master\src\codecs\music_wav.h">
      <Filter>Source Files\libs\sdl-mixer-x</Filter>
    </ClInclude>
    <ClInclude Include="..\SDL-Mixer-X-master\src\codecs\native_midi\native_midi.h">
      <Filter>Source Files\libs\sdl-mixer-x</Filter>
    </ClInclude>
    <ClInclude Include="..\SDL-Mixer-X-master\src\codecs\native_midi\native_midi_common.h">
      <Filter>Source Files\libs\sdl-mixer-x</Filter>
    </ClInclude>
    <ClInclude Include="..\SDL-Mixer-X-master\src\effects_internal.h">
      <Filter>Source Files\libs\sdl-mixer-x</Filter>
    </ClInclude>
    <ClInclude Include="..\SDL-Mixer-X-master\src\mixer.h">
      <Filter>Source Files\libs\sdl-mixer-x</Filter>
    </ClInclude>
    <ClInclude Include="..\SDL-Mixer-X-master\src\music.h">
      <Filter>Source Files\libs\sdl-mixer-x</Filter>
    </ClInclude>
    <ClInclude Include="..\inih\ini.h">
      <Filter>Source Files\libs\inih</Filter>
    </ClInclude>
    <ClInclude Include="..\inih\INIReader.h">
      <Filter>Source Files\libs\inih</Filter>
    </ClInclude>
    <ClInclude Include="..\kiss_sdl-master\kiss_sdl.h">
      <Filter>Source Files\libs\kiss-sdl</Filter>
    </ClInclude>
    <ClInclude Include="Terrain-tests.h">
      <Filter>Source Files</Filter>
    </ClInclude>
    <ClInclude Include="Basic-tests.h">
      <Filter>Source Files</Filter>
    </ClInclude>
  </ItemGroup>
  <ItemGroup>
    <ClCompile Include="..\remc2\stdafx.cpp">
      <Filter>Source Files</Filter>
    </ClCompile>
    <ClCompile Include="..\remc2\engine\Animation.cpp">
      <Filter>Source Files\engine</Filter>
    </ClCompile>
    <ClCompile Include="..\remc2\engine\Basic.cpp">
      <Filter>Source Files\engine</Filter>
    </ClCompile>
    <ClCompile Include="..\remc2\engine\CommandLineParser.cpp">
      <Filter>Source Files\engine</Filter>
    </ClCompile>
    <ClCompile Include="..\remc2\engine\GameRenderGL.cpp">
      <Filter>Source Files\engine</Filter>
    </ClCompile>
    <ClCompile Include="..\remc2\engine\GameRenderHD.cpp">
      <Filter>Source Files\engine</Filter>
    </ClCompile>
    <ClCompile Include="..\remc2\engine\MenusAndIntros.cpp">
      <Filter>Source Files\engine</Filter>
    </ClCompile>
    <ClCompile Include="..\remc2\engine\GameRenderOriginal.cpp">
      <Filter>Source Files\engine</Filter>
    </ClCompile>
    <ClCompile Include="..\remc2\engine\Network.cpp">
      <Filter>Source Files\engine</Filter>
    </ClCompile>
    <ClCompile Include="..\remc2\engine\ProjectionPolygon.cpp">
      <Filter>Source Files\engine</Filter>
    </ClCompile>
    <ClCompile Include="..\remc2\engine\Sound.cpp">
      <Filter>Source Files\engine</Filter>
    </ClCompile>
    <ClCompile Include="..\remc2\engine\Terrain.cpp">
      <Filter>Source Files\engine</Filter>
    </ClCompile>
    <ClCompile Include="..\remc2\engine\TextureMaps.cpp">
      <Filter>Source Files\engine</Filter>
    </ClCompile>
    <ClCompile Include="..\remc2\engine\Type_D404C.cpp">
      <Filter>Source Files\engine</Filter>
    </ClCompile>
    <ClCompile Include="..\remc2\engine\Type_D93C0_Bldgprmbuffer.cpp">
      <Filter>Source Files\engine</Filter>
    </ClCompile>
    <ClCompile Include="..\remc2\engine\Type_D94F0_Bldgprmbuffer.cpp">
      <Filter>Source Files\engine</Filter>
    </ClCompile>
    <ClCompile Include="..\remc2\engine\Type_MapScreenPortals_E17CC.cpp">
      <Filter>Source Files\engine</Filter>
    </ClCompile>
    <ClCompile Include="..\remc2\engine\Type_SecretMapScreenPortals_E2970.cpp">
      <Filter>Source Files\engine</Filter>
    </ClCompile>
    <ClCompile Include="..\remc2\engine\Type_WORD_D951C.cpp">
      <Filter>Source Files\engine</Filter>
    </ClCompile>
    <ClCompile Include="..\remc2\engine\ViewPort.cpp">
      <Filter>Source Files\engine</Filter>
    </ClCompile>
    <ClCompile Include="..\remc2\engine\XUnk_D4350.cpp">
      <Filter>Source Files\engine</Filter>
    </ClCompile>
    <ClCompile Include="..\remc2\engine\RenderThread.cpp">
      <Filter>Source Files\engine</Filter>
    </ClCompile>
    <ClCompile Include="..\remc2\engine\engine_support.cpp">
      <Filter>Source Files\engine</Filter>
    </ClCompile>
    <ClCompile Include="..\remc2\engine\engine_support_converts.cpp">
      <Filter>Source Files\engine</Filter>
    </ClCompile>
    <ClCompile Include="..\remc2\engine\read_config.cpp">
      <Filter>Source Files\engine</Filter>
    </ClCompile>
    <ClCompile Include="..\remc2\portability\dirent.c">
      <Filter>Source Files\portability</Filter>
    </ClCompile>
    <ClCompile Include="..\remc2\portability\fcaseopen.cpp">
      <Filter>Source Files\portability</Filter>
    </ClCompile>
    <ClCompile Include="..\remc2\portability\port_net.cpp">
      <Filter>Source Files\portability</Filter>
    </ClCompile>
    <ClCompile Include="..\remc2\portability\port_filesystem.cpp">
      <Filter>Source Files\portability</Filter>
    </ClCompile>
    <ClCompile Include="..\remc2\portability\port_inputs.cpp">
      <Filter>Source Files\portability</Filter>
    </ClCompile>
    <ClCompile Include="..\remc2\portability\port_outputs.cpp">
      <Filter>Source Files\portability</Filter>
    </ClCompile>
    <ClCompile Include="..\remc2\portability\port_sdl_sound.cpp">
      <Filter>Source Files\portability</Filter>
    </ClCompile>
    <ClCompile Include="..\remc2\portability\port_sdl_vga_mouse.cpp">
      <Filter>Source Files\portability</Filter>
    </ClCompile>
    <ClCompile Include="..\remc2\portability\port_time.cpp">
      <Filter>Source Files\portability</Filter>
    </ClCompile>
    <ClCompile Include="..\remc2\portability\xmi2mid.cpp">
      <Filter>Source Files\portability</Filter>
    </ClCompile>
    <ClCompile Include="..\libADLMIDI-master\src\adldata.cpp">
      <Filter>Source Files\libs\libADL</Filter>
    </ClCompile>
    <ClCompile Include="..\libADLMIDI-master\src\adlmidi.cpp">
      <Filter>Source Files\libs\libADL</Filter>
    </ClCompile>
    <ClCompile Include="..\libADLMIDI-master\src\adlmidi_load.cpp">
      <Filter>Source Files\libs\libADL</Filter>
    </ClCompile>
    <ClCompile Include="..\libADLMIDI-master\src\adlmidi_midiplay.cpp">
      <Filter>Source Files\libs\libADL</Filter>
    </ClCompile>
    <ClCompile Include="..\libADLMIDI-master\src\adlmidi_opl3.cpp">
      <Filter>Source Files\libs\libADL</Filter>
    </ClCompile>
    <ClCompile Include="..\libADLMIDI-master\src\adlmidi_private.cpp">
      <Filter>Source Files\libs\libADL</Filter>
    </ClCompile>
    <ClCompile Include="..\libADLMIDI-master\src\adlmidi_sequencer.cpp">
      <Filter>Source Files\libs\libADL</Filter>
    </ClCompile>
    <ClCompile Include="..\libADLMIDI-master\src\chips\dosbox\dbopl.cpp">
      <Filter>Source Files\libs\libADL</Filter>
    </ClCompile>
    <ClCompile Include="..\libADLMIDI-master\src\chips\dosbox_opl3.cpp">
      <Filter>Source Files\libs\libADL</Filter>
    </ClCompile>
    <ClCompile Include="..\libADLMIDI-master\src\chips\nuked\nukedopl3.c">
      <Filter>Source Files\libs\libADL</Filter>
    </ClCompile>
    <ClCompile Include="..\libADLMIDI-master\src\chips\nuked\nukedopl3_174.c">
      <Filter>Source Files\libs\libADL</Filter>
    </ClCompile>
    <ClCompile Include="..\libADLMIDI-master\src\chips\nuked_opl3.cpp">
      <Filter>Source Files\libs\libADL</Filter>
    </ClCompile>
    <ClCompile Include="..\libADLMIDI-master\src\chips\nuked_opl3_v174.cpp">
      <Filter>Source Files\libs\libADL</Filter>
    </ClCompile>
    <ClCompile Include="..\libADLMIDI-master\src\wopl\wopl_file.c">
      <Filter>Source Files\libs\libADL</Filter>
    </ClCompile>
    <ClCompile Include="..\libOPNMIDI-master\src\chips\gens\Ym2612_Emu.cpp">
      <Filter>Source Files\libs\libOPL</Filter>
    </ClCompile>
    <ClCompile Include="..\libOPNMIDI-master\src\chips\gens_opn2.cpp">
      <Filter>Source Files\libs\libOPL</Filter>
    </ClCompile>
    <ClCompile Include="..\libOPNMIDI-master\src\chips\gx\gx_ym2612.c">
      <Filter>Source Files\libs\libOPL</Filter>
    </ClCompile>
    <ClCompile Include="..\libOPNMIDI-master\src\chips\gx_opn2.cpp">
      <Filter>Source Files\libs\libOPL</Filter>
    </ClCompile>
    <ClCompile Include="..\libOPNMIDI-master\src\chips\mame\mame_ym2612fm.c">
      <Filter>Source Files\libs\libOPL</Filter>
    </ClCompile>
    <ClCompile Include="..\libOPNMIDI-master\src\chips\mame_opn2.cpp">
      <Filter>Source Files\libs\libOPL</Filter>
    </ClCompile>
    <ClCompile Include="..\libOPNMIDI-master\src\chips\nuked\ym3438.c">
      <Filter>Source Files\libs\libOPL</Filter>
    </ClCompile>
    <ClCompile Include="..\libOPNMIDI-master\src\chips\nuked_opn2.cpp">
      <Filter>Source Files\libs\libOPL</Filter>
    </ClCompile>
    <ClCompile Include="..\libOPNMIDI-master\src\opnmidi.cpp">
      <Filter>Source Files\libs\libOPL</Filter>
    </ClCompile>
    <ClCompile Include="..\libOPNMIDI-master\src\opnmidi_load.cpp">
      <Filter>Source Files\libs\libOPL</Filter>
    </ClCompile>
    <ClCompile Include="..\libOPNMIDI-master\src\opnmidi_midiplay.cpp">
      <Filter>Source Files\libs\libOPL</Filter>
    </ClCompile>
    <ClCompile Include="..\libOPNMIDI-master\src\opnmidi_opn2.cpp">
      <Filter>Source Files\libs\libOPL</Filter>
    </ClCompile>
    <ClCompile Include="..\libOPNMIDI-master\src\opnmidi_private.cpp">
      <Filter>Source Files\libs\libOPL</Filter>
    </ClCompile>
    <ClCompile Include="..\libOPNMIDI-master\src\opnmidi_sequencer.cpp">
      <Filter>Source Files\libs\libOPL</Filter>
    </ClCompile>
    <ClCompile Include="..\libOPNMIDI-master\src\wopn\wopn_file.c">
      <Filter>Source Files\libs\libOPL</Filter>
    </ClCompile>
    <ClCompile Include="..\SDL-Mixer-X-master\src\codecs\load_aiff.c">
      <Filter>Source Files\libs\sdl-mixer-x</Filter>
    </ClCompile>
    <ClCompile Include="..\SDL-Mixer-X-master\src\codecs\load_voc.c">
      <Filter>Source Files\libs\sdl-mixer-x</Filter>
    </ClCompile>
    <ClCompile Include="..\SDL-Mixer-X-master\src\codecs\music_cmd.c">
      <Filter>Source Files\libs\sdl-mixer-x</Filter>
    </ClCompile>
    <ClCompile Include="..\SDL-Mixer-X-master\src\codecs\music_flac.c">
      <Filter>Source Files\libs\sdl-mixer-x</Filter>
    </ClCompile>
    <ClCompile Include="..\SDL-Mixer-X-master\src\codecs\music_fluidsynth.c">
      <Filter>Source Files\libs\sdl-mixer-x</Filter>
    </ClCompile>
    <ClCompile Include="..\SDL-Mixer-X-master\src\codecs\music_gme.c">
      <Filter>Source Files\libs\sdl-mixer-x</Filter>
    </ClCompile>
    <ClCompile Include="..\SDL-Mixer-X-master\src\codecs\music_id3tag.c">
      <Filter>Source Files\libs\sdl-mixer-x</Filter>
    </ClCompile>
    <ClCompile Include="..\SDL-Mixer-X-master\src\codecs\music_mad.c">
      <Filter>Source Files\libs\sdl-mixer-x</Filter>
    </ClCompile>
    <ClCompile Include="..\SDL-Mixer-X-master\src\codecs\music_mikmod.c">
      <Filter>Source Files\libs\sdl-mixer-x</Filter>
    </ClCompile>
    <ClCompile Include="..\SDL-Mixer-X-master\src\codecs\music_modplug.c">
      <Filter>Source Files\libs\sdl-mixer-x</Filter>
    </ClCompile>
    <ClCompile Include="..\SDL-Mixer-X-master\src\codecs\music_mpg123.c">
      <Filter>Source Files\libs\sdl-mixer-x</Filter>
    </ClCompile>
    <ClCompile Include="..\SDL-Mixer-X-master\src\codecs\music_nativemidi.c">
      <Filter>Source Files\libs\sdl-mixer-x</Filter>
    </ClCompile>
    <ClCompile Include="..\SDL-Mixer-X-master\src\codecs\music_ogg.c">
      <Filter>Source Files\libs\sdl-mixer-x</Filter>
    </ClCompile>
    <ClCompile Include="..\SDL-Mixer-X-master\src\codecs\music_opus.c">
      <Filter>Source Files\libs\sdl-mixer-x</Filter>
    </ClCompile>
    <ClCompile Include="..\SDL-Mixer-X-master\src\codecs\music_smpeg.c">
      <Filter>Source Files\libs\sdl-mixer-x</Filter>
    </ClCompile>
    <ClCompile Include="..\SDL-Mixer-X-master\src\codecs\music_timidity.c">
      <Filter>Source Files\libs\sdl-mixer-x</Filter>
    </ClCompile>
    <ClCompile Include="..\SDL-Mixer-X-master\src\codecs\music_wav.c">
      <Filter>Source Files\libs\sdl-mixer-x</Filter>
    </ClCompile>
    <ClCompile Include="..\SDL-Mixer-X-master\src\codecs\native_midi\native_midi_common.c">
      <Filter>Source Files\libs\sdl-mixer-x</Filter>
    </ClCompile>
    <ClCompile Include="..\SDL-Mixer-X-master\src\codecs\native_midi\native_midi_haiku.cpp">
      <Filter>Source Files\libs\sdl-mixer-x</Filter>
    </ClCompile>
    <ClCompile Include="..\SDL-Mixer-X-master\src\codecs\native_midi\native_midi_mac.c">
      <Filter>Source Files\libs\sdl-mixer-x</Filter>
    </ClCompile>
    <ClCompile Include="..\SDL-Mixer-X-master\src\codecs\native_midi\native_midi_macosx.c">
      <Filter>Source Files\libs\sdl-mixer-x</Filter>
    </ClCompile>
    <ClCompile Include="..\SDL-Mixer-X-master\src\codecs\native_midi\native_midi_win32.c">
      <Filter>Source Files\libs\sdl-mixer-x</Filter>
    </ClCompile>
    <ClCompile Include="..\SDL-Mixer-X-master\src\effects_internal.c">
      <Filter>Source Files\libs\sdl-mixer-x</Filter>
    </ClCompile>
    <ClCompile Include="..\SDL-Mixer-X-master\src\effect_position.c">
      <Filter>Source Files\libs\sdl-mixer-x</Filter>
    </ClCompile>
    <ClCompile Include="..\SDL-Mixer-X-master\src\effect_stereoreverse.c">
      <Filter>Source Files\libs\sdl-mixer-x</Filter>
    </ClCompile>
    <ClCompile Include="..\SDL-Mixer-X-master\src\mixer.c">
      <Filter>Source Files\libs\sdl-mixer-x</Filter>
    </ClCompile>
    <ClCompile Include="..\SDL-Mixer-X-master\src\mixer_x_deprecated.c">
      <Filter>Source Files\libs\sdl-mixer-x</Filter>
    </ClCompile>
    <ClCompile Include="..\SDL-Mixer-X-master\src\music.c">
      <Filter>Source Files\libs\sdl-mixer-x</Filter>
    </ClCompile>
    <ClCompile Include="..\inih\ini.c">
      <Filter>Source Files\libs\inih</Filter>
    </ClCompile>
    <ClCompile Include="..\inih\INIReader.cpp">
      <Filter>Source Files\libs\inih</Filter>
    </ClCompile>
    <ClCompile Include="..\kiss_sdl-master\kiss_draw.cpp">
      <Filter>Source Files\libs\kiss-sdl</Filter>
    </ClCompile>
    <ClCompile Include="..\kiss_sdl-master\kiss_general.cpp">
      <Filter>Source Files\libs\kiss-sdl</Filter>
    </ClCompile>
    <ClCompile Include="..\kiss_sdl-master\kiss_posix.cpp">
      <Filter>Source Files\libs\kiss-sdl</Filter>
    </ClCompile>
    <ClCompile Include="..\kiss_sdl-master\kiss_widgets.cpp">
      <Filter>Source Files\libs\kiss-sdl</Filter>
    </ClCompile>
    <ClCompile Include="..\remc2\editor\editor.cpp">
      <Filter>Source Files\editor</Filter>
    </ClCompile>
    <ClCompile Include="..\remc2\utilities\BitmapIO.cpp">
      <Filter>Source Files\utilities</Filter>
    </ClCompile>
    <ClCompile Include="..\remc2\utilities\DataFileIO.cpp">
      <Filter>Source Files\utilities</Filter>
    </ClCompile>
    <ClCompile Include="..\remc2\utilities\Maths.cpp">
      <Filter>Source Files\utilities</Filter>
    </ClCompile>
    <ClCompile Include="Unit-tests.cpp">
      <Filter>Source Files</Filter>
    </ClCompile>
    <ClCompile Include="Terrain-tests.cpp">
      <Filter>Source Files</Filter>
    </ClCompile>
    <ClCompile Include="Basic-tests.cpp">
      <Filter>Source Files</Filter>
    </ClCompile>
    <ClCompile Include="..\remc2\sub_main.cpp">
      <Filter>Source Files</Filter>
    </ClCompile>
  </ItemGroup>
  <ItemGroup>
    <None Include="..\config.ini">
      <Filter>Source Files</Filter>
    </None>
    <None Include="..\remc2\engine\bytearrays.x">
      <Filter>Source Files\engine</Filter>
    </None>
    <None Include="..\remc2\engine\info.x">
      <Filter>Source Files\engine</Filter>
    </None>
    <None Include="..\remc2\engine\structures.x">
      <Filter>Source Files\engine</Filter>
    </None>
    <None Include="..\libADLMIDI-master\src\adlmidi_bankmap.tcc">
      <Filter>Source Files\libs\libADL</Filter>
    </None>
    <None Include="..\libADLMIDI-master\src\chips\opl_chip_base.tcc">
      <Filter>Source Files\libs\libADL</Filter>
    </None>
    <None Include="..\libOPNMIDI-master\src\chips\opn_chip_base.tcc">
      <Filter>Source Files\libs\libOPL</Filter>
    </None>
    <None Include="..\libOPNMIDI-master\src\opnmidi_bankmap.tcc">
      <Filter>Source Files\libs\libOPL</Filter>
    </None>
    <None Include="..\SDL-Mixer-X-master\src\codecs\play_cmdmusic.pri">
      <Filter>Source Files\libs\sdl-mixer-x</Filter>
    </None>
    <None Include="..\SDL-Mixer-X-master\src\codecs\play_flac.pri">
      <Filter>Source Files\libs\sdl-mixer-x</Filter>
    </None>
    <None Include="..\SDL-Mixer-X-master\src\codecs\play_gme.pri">
      <Filter>Source Files\libs\sdl-mixer-x</Filter>
    </None>
    <None Include="..\SDL-Mixer-X-master\src\codecs\play_id3tag.pri">
      <Filter>Source Files\libs\sdl-mixer-x</Filter>
    </None>
    <None Include="..\SDL-Mixer-X-master\src\codecs\play_mad.pri">
      <Filter>Source Files\libs\sdl-mixer-x</Filter>
    </None>
    <None Include="..\SDL-Mixer-X-master\src\codecs\play_midi_adl.pri">
      <Filter>Source Files\libs\sdl-mixer-x</Filter>
    </None>
    <None Include="..\SDL-Mixer-X-master\src\codecs\play_midi_fluid.pri">
      <Filter>Source Files\libs\sdl-mixer-x</Filter>
    </None>
    <None Include="..\SDL-Mixer-X-master\src\codecs\play_midi_native.pri">
      <Filter>Source Files\libs\sdl-mixer-x</Filter>
    </None>
    <None Include="..\SDL-Mixer-X-master\src\codecs\play_midi_opn.pri">
      <Filter>Source Files\libs\sdl-mixer-x</Filter>
    </None>
    <None Include="..\SDL-Mixer-X-master\src\codecs\play_midi_timidity.pri">
      <Filter>Source Files\libs\sdl-mixer-x</Filter>
    </None>
    <None Include="..\SDL-Mixer-X-master\src\codecs\play_mikmod.pri">
      <Filter>Source Files\libs\sdl-mixer-x</Filter>
    </None>
    <None Include="..\SDL-Mixer-X-master\src\codecs\play_modplug.pri">
      <Filter>Source Files\libs\sdl-mixer-x</Filter>
    </None>
    <None Include="..\SDL-Mixer-X-master\src\codecs\play_mpg123.pri">
      <Filter>Source Files\libs\sdl-mixer-x</Filter>
    </None>
    <None Include="..\SDL-Mixer-X-master\src\codecs\play_ogg.pri">
      <Filter>Source Files\libs\sdl-mixer-x</Filter>
    </None>
    <None Include="..\SDL-Mixer-X-master\src\codecs\play_smpeg.pri">
      <Filter>Source Files\libs\sdl-mixer-x</Filter>
    </None>
    <None Include="..\SDL-Mixer-X-master\src\codecs\play_wave.pri">
      <Filter>Source Files\libs\sdl-mixer-x</Filter>
    </None>
    <None Include="packages.config" />
  </ItemGroup>
  <ItemGroup>
    <Library Include="..\libpng2\libpng-master\projects\vstudio2017\Debug\libpng15.lib">
      <Filter>Source Files\libs\libpng</Filter>
    </Library>
    <Library Include="..\libpng3\lib\libpng16_static.lib">
      <Filter>Source Files\libs\libpng</Filter>
    </Library>
    <Library Include="..\zlib-64\lib\zlib.lib">
      <Filter>Source Files\libs\libpng</Filter>
    </Library>
    <Library Include="..\zlib\lib\zlib.lib">
      <Filter>Source Files\libs\libpng</Filter>
    </Library>
    <Library Include="..\SDL2_image-2.0.5\lib\x64\SDL2_image.lib">
      <Filter>Source Files\libs\sdl-image</Filter>
    </Library>
    <Library Include="..\SDL2_image-2.0.5\lib\x86\SDL2_image.lib">
      <Filter>Source Files\libs\sdl-image</Filter>
    </Library>
    <Library Include="..\SDL2_ttf-2.0.15\lib\x64\SDL2_ttf.lib">
      <Filter>Source Files\libs\sdl-ttf</Filter>
    </Library>
    <Library Include="..\SDL2_ttf-2.0.15\lib\x86\SDL2_ttf.lib">
      <Filter>Source Files\libs\sdl-ttf</Filter>
    </Library>
  </ItemGroup>
</Project>