
Microsoft Visual Studio Solution File, Format Version 12.00
# Visual Studio Version 17
VisualStudioVersion = 17.4.33110.190
MinimumVisualStudioVersion = 10.0.40219.1
Project("{9A19103F-16F7-4668-BE54-9A1E7A4F7556}") = "remc2-installer", "remc2-installer\remc2-installer.csproj", "{4204F0B0-377F-4B14-B2A4-592306A8E7ED}"
EndProject
Project("{FAE04EC0-301F-11D3-BF4B-00C04F79EFBC}") = "remc2-installer-unit-tests", "remc2-installer-unit-tests\remc2-installer-unit-tests.csproj", "{51AFDB58-51ED-4101-BC67-80D33D7ECB2F}"
EndProject
Global
	GlobalSection(SolutionConfigurationPlatforms) = preSolution
		Debug|Any CPU = Debug|Any CPU
		Debug|x64 = Debug|x64
		Debug|x86 = Debug|x86
		Release|Any CPU = Release|Any CPU
		Release|x64 = Release|x64
		Release|x86 = Release|x86
	EndGlobalSection
	GlobalSection(ProjectConfigurationPlatforms) = postSolution
		{4204F0B0-377F-4B14-B2A4-592306A8E7ED}.Debug|Any CPU.ActiveCfg = Debug|x64
		{4204F0B0-377F-4B14-B2A4-592306A8E7ED}.Debug|Any CPU.Build.0 = Debug|x64
		{4204F0B0-377F-4B14-B2A4-592306A8E7ED}.Debug|x64.ActiveCfg = Debug|x64
		{4204F0B0-377F-4B14-B2A4-592306A8E7ED}.Debug|x64.Build.0 = Debug|x64
		{4204F0B0-377F-4B14-B2A4-592306A8E7ED}.Debug|x86.ActiveCfg = Debug|x86
		{4204F0B0-377F-4B14-B2A4-592306A8E7ED}.Debug|x86.Build.0 = Debug|x86
		{4204F0B0-377F-4B14-B2A4-592306A8E7ED}.Release|Any CPU.ActiveCfg = Release|x64
		{4204F0B0-377F-4B14-B2A4-592306A8E7ED}.Release|Any CPU.Build.0 = Release|x64
		{4204F0B0-377F-4B14-B2A4-592306A8E7ED}.Release|x64.ActiveCfg = Release|x64
		{4204F0B0-377F-4B14-B2A4-592306A8E7ED}.Release|x64.Build.0 = Release|x64
		{4204F0B0-377F-4B14-B2A4-592306A8E7ED}.Release|x86.ActiveCfg = Release|x86
		{4204F0B0-377F-4B14-B2A4-592306A8E7ED}.Release|x86.Build.0 = Release|x86
		{51AFDB58-51ED-4101-BC67-80D33D7ECB2F}.Debug|Any CPU.ActiveCfg = Debug|Any CPU
		{51AFDB58-51ED-4101-BC67-80D33D7ECB2F}.Debug|Any CPU.Build.0 = Debug|Any CPU
		{51AFDB58-51ED-4101-BC67-80D33D7ECB2F}.Debug|x64.ActiveCfg = Debug|Any CPU
		{51AFDB58-51ED-4101-BC67-80D33D7ECB2F}.Debug|x64.Build.0 = Debug|Any CPU
		{51AFDB58-51ED-4101-BC67-80D33D7ECB2F}.Debug|x86.ActiveCfg = Debug|Any CPU
		{51AFDB58-51ED-4101-BC67-80D33D7ECB2F}.Debug|x86.Build.0 = Debug|Any CPU
		{51AFDB58-51ED-4101-BC67-80D33D7ECB2F}.Release|Any CPU.ActiveCfg = Release|Any CPU
		{51AFDB58-51ED-4101-BC67-80D33D7ECB2F}.Release|Any CPU.Build.0 = Release|Any CPU
		{51AFDB58-51ED-4101-BC67-80D33D7ECB2F}.Release|x64.ActiveCfg = Release|Any CPU
		{51AFDB58-51ED-4101-BC67-80D33D7ECB2F}.Release|x64.Build.0 = Release|Any CPU
		{51AFDB58-51ED-4101-BC67-80D33D7ECB2F}.Release|x86.ActiveCfg = Release|Any CPU
		{51AFDB58-51ED-4101-BC67-80D33D7ECB2F}.Release|x86.Build.0 = Release|Any CPU
	EndGlobalSection
	GlobalSection(SolutionProperties) = preSolution
		HideSolutionNode = FALSE
	EndGlobalSection
	GlobalSection(ExtensibilityGlobals) = postSolution
		SolutionGuid = {35ABB317-674B-4620-8540-F20B13D18756}
	EndGlobalSection
EndGlobal
